
Microsoft Visual Studio Solution File, Format Version 12.00
# Visual Studio Version 17
VisualStudioVersion = 17.2.32616.157
MinimumVisualStudioVersion = 10.0.40219.1
Project("{FAE04EC0-301F-11D3-BF4B-00C04F79EFBC}") = "GeometricObjectDemo", "GeometricObjectDemo\GeometricObjectDemo.csproj", "{F382228E-F4DD-4D9C-8CD5-801249F9C465}"
EndProject
Project("{FAE04EC0-301F-11D3-BF4B-00C04F79EFBC}") = "IndexersDemo", "IndexersDemo\IndexersDemo.csproj", "{B58DBD1F-8911-4BB3-93C4-773D98E6B5BC}"
EndProject
Global
	GlobalSection(SolutionConfigurationPlatforms) = preSolution
		Debug|Any CPU = Debug|Any CPU
		Release|Any CPU = Release|Any CPU
	EndGlobalSection
	GlobalSection(ProjectConfigurationPlatforms) = postSolution
		{F382228E-F4DD-4D9C-8CD5-801249F9C465}.Debug|Any CPU.ActiveCfg = Debug|Any CPU
		{F382228E-F4DD-4D9C-8CD5-801249F9C465}.Debug|Any CPU.Build.0 = Debug|Any CPU
		{F382228E-F4DD-4D9C-8CD5-801249F9C465}.Release|Any CPU.ActiveCfg = Release|Any CPU
		{F382228E-F4DD-4D9C-8CD5-801249F9C465}.Release|Any CPU.Build.0 = Release|Any CPU
		{B58DBD1F-8911-4BB3-93C4-773D98E6B5BC}.Debug|Any CPU.ActiveCfg = Debug|Any CPU
		{B58DBD1F-8911-4BB3-93C4-773D98E6B5BC}.Debug|Any CPU.Build.0 = Debug|Any CPU
		{B58DBD1F-8911-4BB3-93C4-773D98E6B5BC}.Release|Any CPU.ActiveCfg = Release|Any CPU
		{B58DBD1F-8911-4BB3-93C4-773D98E6B5BC}.Release|Any CPU.Build.0 = Release|Any CPU
	EndGlobalSection
	GlobalSection(SolutionProperties) = preSolution
		HideSolutionNode = FALSE
	EndGlobalSection
	GlobalSection(ExtensibilityGlobals) = postSolution
		SolutionGuid = {4D27B324-114F-4478-AD63-BD2F9D73473F}
	EndGlobalSection
EndGlobal
